Microsoft Visual Studio Solution File, Format Version 12.00
# Visual Studio Version 17
VisualStudioVersion = 17.5.2.0
MinimumVisualStudioVersion = 10.0.40219.1
Project("{FAE04EC0-301F-11D3-BF4B-00C04F79EFBC}") = "PrinterApiService", "PrinterApiService.csproj", "{42D0E95D-968B-17E2-9126-1D17CF5F6CB1}"
EndProject
Global
	GlobalSection(SolutionConfigurationPlatforms) = preSolution
		Debug|Any CPU = Debug|Any CPU
		Release|Any CPU = Release|Any CPU
	EndGlobalSection
	GlobalSection(ProjectConfigurationPlatforms) = postSolution
		{42D0E95D-968B-17E2-9126-1D17CF5F6CB1}.Debug|Any CPU.ActiveCfg = Debug|Any CPU
		{42D0E95D-968B-17E2-9126-1D17CF5F6CB1}.Debug|Any CPU.Build.0 = Debug|Any CPU
		{42D0E95D-968B-17E2-9126-1D17CF5F6CB1}.Release|Any CPU.ActiveCfg = Release|Any CPU
		{42D0E95D-968B-17E2-9126-1D17CF5F6CB1}.Release|Any CPU.Build.0 = Release|Any CPU
	EndGlobalSection
	GlobalSection(SolutionProperties) = preSolution
		HideSolutionNode = FALSE
	EndGlobalSection
	GlobalSection(ExtensibilityGlobals) = postSolution
		SolutionGuid = {F3FCB681-271C-4D3F-BE71-68A2AB303B86}
	EndGlobalSection
EndGlobal
